
Microsoft Visual Studio Solution File, Format Version 12.00
# Visual Studio Version 16
VisualStudioVersion = 16.0.30711.63
MinimumVisualStudioVersion = 10.0.40219.1
Project("{FAE04EC0-301F-11D3-BF4B-00C04F79EFBC}") = "AdventOfCode2020D12P2", "AdventOfCode2020D12P2\AdventOfCode2020D12P2.csproj", "{0AF42289-8A7C-452B-B651-A4586ACD04DB}"
EndProject
Global
	GlobalSection(SolutionConfigurationPlatforms) = preSolution
		Debug|Any CPU = Debug|Any CPU
		Release|Any CPU = Release|Any CPU
	EndGlobalSection
	GlobalSection(ProjectConfigurationPlatforms) = postSolution
		{0AF42289-8A7C-452B-B651-A4586ACD04DB}.Debug|Any CPU.ActiveCfg = Debug|Any CPU
		{0AF42289-8A7C-452B-B651-A4586ACD04DB}.Debug|Any CPU.Build.0 = Debug|Any CPU
		{0AF42289-8A7C-452B-B651-A4586ACD04DB}.Release|Any CPU.ActiveCfg = Release|Any CPU
		{0AF42289-8A7C-452B-B651-A4586ACD04DB}.Release|Any CPU.Build.0 = Release|Any CPU
	EndGlobalSection
	GlobalSection(SolutionProperties) = preSolution
		HideSolutionNode = FALSE
	EndGlobalSection
	GlobalSection(ExtensibilityGlobals) = postSolution
		SolutionGuid = {0ED300A9-8B7E-4B68-8A17-2D1F0EA6414C}
	EndGlobalSection
EndGlobal
