
Microsoft Visual Studio Solution File, Format Version 12.00
# Visual Studio Version 16
VisualStudioVersion = 16.0.30711.63
MinimumVisualStudioVersion = 10.0.40219.1
Project("{FAE04EC0-301F-11D3-BF4B-00C04F79EFBC}") = "AdventOfCode2020D24P1", "AdventOfCode2020D24P1\AdventOfCode2020D24P1.csproj", "{B5851EA0-D17B-4B37-B8C6-54D134C95AF9}"
EndProject
Global
	GlobalSection(SolutionConfigurationPlatforms) = preSolution
		Debug|Any CPU = Debug|Any CPU
		Release|Any CPU = Release|Any CPU
	EndGlobalSection
	GlobalSection(ProjectConfigurationPlatforms) = postSolution
		{B5851EA0-D17B-4B37-B8C6-54D134C95AF9}.Debug|Any CPU.ActiveCfg = Debug|Any CPU
		{B5851EA0-D17B-4B37-B8C6-54D134C95AF9}.Debug|Any CPU.Build.0 = Debug|Any CPU
		{B5851EA0-D17B-4B37-B8C6-54D134C95AF9}.Release|Any CPU.ActiveCfg = Release|Any CPU
		{B5851EA0-D17B-4B37-B8C6-54D134C95AF9}.Release|Any CPU.Build.0 = Release|Any CPU
	EndGlobalSection
	GlobalSection(SolutionProperties) = preSolution
		HideSolutionNode = FALSE
	EndGlobalSection
	GlobalSection(ExtensibilityGlobals) = postSolution
		SolutionGuid = {20AE9C00-0D23-4E23-B811-54652AF3EABB}
	EndGlobalSection
EndGlobal
