
Microsoft Visual Studio Solution File, Format Version 12.00
# Visual Studio Version 16
VisualStudioVersion = 16.0.30711.63
MinimumVisualStudioVersion = 10.0.40219.1
Project("{FAE04EC0-301F-11D3-BF4B-00C04F79EFBC}") = "AdventOfCode2019Day1P2", "AdventOfCode2019Day1P2\AdventOfCode2019Day1P2.csproj", "{FE1B7E98-D7E3-45AD-B465-B5EB4163CEA7}"
EndProject
Global
	GlobalSection(SolutionConfigurationPlatforms) = preSolution
		Debug|Any CPU = Debug|Any CPU
		Release|Any CPU = Release|Any CPU
	EndGlobalSection
	GlobalSection(ProjectConfigurationPlatforms) = postSolution
		{FE1B7E98-D7E3-45AD-B465-B5EB4163CEA7}.Debug|Any CPU.ActiveCfg = Debug|Any CPU
		{FE1B7E98-D7E3-45AD-B465-B5EB4163CEA7}.Debug|Any CPU.Build.0 = Debug|Any CPU
		{FE1B7E98-D7E3-45AD-B465-B5EB4163CEA7}.Release|Any CPU.ActiveCfg = Release|Any CPU
		{FE1B7E98-D7E3-45AD-B465-B5EB4163CEA7}.Release|Any CPU.Build.0 = Release|Any CPU
	EndGlobalSection
	GlobalSection(SolutionProperties) = preSolution
		HideSolutionNode = FALSE
	EndGlobalSection
	GlobalSection(ExtensibilityGlobals) = postSolution
		SolutionGuid = {C702560A-0231-4936-B460-B100F16258B7}
	EndGlobalSection
EndGlobal
