
Microsoft Visual Studio Solution File, Format Version 12.00
# Visual Studio Version 16
VisualStudioVersion = 16.0.30711.63
MinimumVisualStudioVersion = 10.0.40219.1
Project("{FAE04EC0-301F-11D3-BF4B-00C04F79EFBC}") = "AdventOfCode2020D15P1", "AdventOfCode2020D15P1\AdventOfCode2020D15P1.csproj", "{C15B50CC-A68F-40F7-A065-253EADDB99A2}"
EndProject
Global
	GlobalSection(SolutionConfigurationPlatforms) = preSolution
		Debug|Any CPU = Debug|Any CPU
		Release|Any CPU = Release|Any CPU
	EndGlobalSection
	GlobalSection(ProjectConfigurationPlatforms) = postSolution
		{C15B50CC-A68F-40F7-A065-253EADDB99A2}.Debug|Any CPU.ActiveCfg = Debug|Any CPU
		{C15B50CC-A68F-40F7-A065-253EADDB99A2}.Debug|Any CPU.Build.0 = Debug|Any CPU
		{C15B50CC-A68F-40F7-A065-253EADDB99A2}.Release|Any CPU.ActiveCfg = Release|Any CPU
		{C15B50CC-A68F-40F7-A065-253EADDB99A2}.Release|Any CPU.Build.0 = Release|Any CPU
	EndGlobalSection
	GlobalSection(SolutionProperties) = preSolution
		HideSolutionNode = FALSE
	EndGlobalSection
	GlobalSection(ExtensibilityGlobals) = postSolution
		SolutionGuid = {3464CD74-2C68-46F5-8BBD-901BA4A308D6}
	EndGlobalSection
EndGlobal
