
Microsoft Visual Studio Solution File, Format Version 12.00
# Visual Studio Version 16
VisualStudioVersion = 16.0.30711.63
MinimumVisualStudioVersion = 10.0.40219.1
Project("{FAE04EC0-301F-11D3-BF4B-00C04F79EFBC}") = "AdventOfCode2020D2P2", "AdventOfCode2020D2P2\AdventOfCode2020D2P2.csproj", "{EF8F29F4-3FEB-4BBC-9158-F9FBB363AC69}"
EndProject
Global
	GlobalSection(SolutionConfigurationPlatforms) = preSolution
		Debug|Any CPU = Debug|Any CPU
		Release|Any CPU = Release|Any CPU
	EndGlobalSection
	GlobalSection(ProjectConfigurationPlatforms) = postSolution
		{EF8F29F4-3FEB-4BBC-9158-F9FBB363AC69}.Debug|Any CPU.ActiveCfg = Debug|Any CPU
		{EF8F29F4-3FEB-4BBC-9158-F9FBB363AC69}.Debug|Any CPU.Build.0 = Debug|Any CPU
		{EF8F29F4-3FEB-4BBC-9158-F9FBB363AC69}.Release|Any CPU.ActiveCfg = Release|Any CPU
		{EF8F29F4-3FEB-4BBC-9158-F9FBB363AC69}.Release|Any CPU.Build.0 = Release|Any CPU
	EndGlobalSection
	GlobalSection(SolutionProperties) = preSolution
		HideSolutionNode = FALSE
	EndGlobalSection
	GlobalSection(ExtensibilityGlobals) = postSolution
		SolutionGuid = {256292AC-5517-4036-84EB-A8F18E34F777}
	EndGlobalSection
EndGlobal
