
Microsoft Visual Studio Solution File, Format Version 12.00
# Visual Studio Version 16
VisualStudioVersion = 16.0.30711.63
MinimumVisualStudioVersion = 10.0.40219.1
Project("{FAE04EC0-301F-11D3-BF4B-00C04F79EFBC}") = "AdventOfCode2020D7P2", "AdventOfCode2020D7P2\AdventOfCode2020D7P2.csproj", "{12CE08AC-B57C-4770-A0C8-932CB1A6D163}"
EndProject
Global
	GlobalSection(SolutionConfigurationPlatforms) = preSolution
		Debug|Any CPU = Debug|Any CPU
		Release|Any CPU = Release|Any CPU
	EndGlobalSection
	GlobalSection(ProjectConfigurationPlatforms) = postSolution
		{12CE08AC-B57C-4770-A0C8-932CB1A6D163}.Debug|Any CPU.ActiveCfg = Debug|Any CPU
		{12CE08AC-B57C-4770-A0C8-932CB1A6D163}.Debug|Any CPU.Build.0 = Debug|Any CPU
		{12CE08AC-B57C-4770-A0C8-932CB1A6D163}.Release|Any CPU.ActiveCfg = Release|Any CPU
		{12CE08AC-B57C-4770-A0C8-932CB1A6D163}.Release|Any CPU.Build.0 = Release|Any CPU
	EndGlobalSection
	GlobalSection(SolutionProperties) = preSolution
		HideSolutionNode = FALSE
	EndGlobalSection
	GlobalSection(ExtensibilityGlobals) = postSolution
		SolutionGuid = {3349B0FC-5612-4081-9AC8-01DB7530F661}
	EndGlobalSection
EndGlobal
