
Microsoft Visual Studio Solution File, Format Version 12.00
# Visual Studio Version 16
VisualStudioVersion = 16.0.30711.63
MinimumVisualStudioVersion = 10.0.40219.1
Project("{FAE04EC0-301F-11D3-BF4B-00C04F79EFBC}") = "AdventOfCode2020D20P2", "AdventOfCode2020D20P2\AdventOfCode2020D20P2.csproj", "{625351E5-4582-473E-8169-3CD5528EAFEE}"
EndProject
Global
	GlobalSection(SolutionConfigurationPlatforms) = preSolution
		Debug|Any CPU = Debug|Any CPU
		Release|Any CPU = Release|Any CPU
	EndGlobalSection
	GlobalSection(ProjectConfigurationPlatforms) = postSolution
		{625351E5-4582-473E-8169-3CD5528EAFEE}.Debug|Any CPU.ActiveCfg = Debug|Any CPU
		{625351E5-4582-473E-8169-3CD5528EAFEE}.Debug|Any CPU.Build.0 = Debug|Any CPU
		{625351E5-4582-473E-8169-3CD5528EAFEE}.Release|Any CPU.ActiveCfg = Release|Any CPU
		{625351E5-4582-473E-8169-3CD5528EAFEE}.Release|Any CPU.Build.0 = Release|Any CPU
	EndGlobalSection
	GlobalSection(SolutionProperties) = preSolution
		HideSolutionNode = FALSE
	EndGlobalSection
	GlobalSection(ExtensibilityGlobals) = postSolution
		SolutionGuid = {931D47DF-9DB8-4E7F-BE01-0AE8EEB1D583}
	EndGlobalSection
EndGlobal
