
Microsoft Visual Studio Solution File, Format Version 12.00
# Visual Studio Version 16
VisualStudioVersion = 16.0.30711.63
MinimumVisualStudioVersion = 10.0.40219.1
Project("{FAE04EC0-301F-11D3-BF4B-00C04F79EFBC}") = "AdventOfCode2020D1P1", "AdventOfCode2020D1P1\AdventOfCode2020D1P1.csproj", "{F1BBF064-339E-485B-84EA-1A4D11A30719}"
EndProject
Global
	GlobalSection(SolutionConfigurationPlatforms) = preSolution
		Debug|Any CPU = Debug|Any CPU
		Release|Any CPU = Release|Any CPU
	EndGlobalSection
	GlobalSection(ProjectConfigurationPlatforms) = postSolution
		{F1BBF064-339E-485B-84EA-1A4D11A30719}.Debug|Any CPU.ActiveCfg = Debug|Any CPU
		{F1BBF064-339E-485B-84EA-1A4D11A30719}.Debug|Any CPU.Build.0 = Debug|Any CPU
		{F1BBF064-339E-485B-84EA-1A4D11A30719}.Release|Any CPU.ActiveCfg = Release|Any CPU
		{F1BBF064-339E-485B-84EA-1A4D11A30719}.Release|Any CPU.Build.0 = Release|Any CPU
	EndGlobalSection
	GlobalSection(SolutionProperties) = preSolution
		HideSolutionNode = FALSE
	EndGlobalSection
	GlobalSection(ExtensibilityGlobals) = postSolution
		SolutionGuid = {54C8C747-F6CD-44B5-ACD5-77AFD0C1A16D}
	EndGlobalSection
EndGlobal
